
Microsoft Visual Studio Solution File, Format Version 12.00
# Visual Studio 15
VisualStudioVersion = 15.0.27004.2002
MinimumVisualStudioVersion = 10.0.40219.1
Project("{FAE04EC0-301F-11D3-BF4B-00C04F79EFBC}") = "AntiVirus", "AntiVirus\AntiVirus.csproj", "{6BEC31DE-EA37-4A31-A0A5-75D8BD14FF69}"
EndProject
Global
	GlobalSection(SolutionConfigurationPlatforms) = preSolution
		Debug|Any CPU = Debug|Any CPU
		Release|Any CPU = Release|Any CPU
	EndGlobalSection
	GlobalSection(ProjectConfigurationPlatforms) = postSolution
		{6BEC31DE-EA37-4A31-A0A5-75D8BD14FF69}.Debug|Any CPU.ActiveCfg = Debug|Any CPU
		{6BEC31DE-EA37-4A31-A0A5-75D8BD14FF69}.Debug|Any CPU.Build.0 = Debug|Any CPU
		{6BEC31DE-EA37-4A31-A0A5-75D8BD14FF69}.Release|Any CPU.ActiveCfg = Release|Any CPU
		{6BEC31DE-EA37-4A31-A0A5-75D8BD14FF69}.Release|Any CPU.Build.0 = Release|Any CPU
	EndGlobalSection
	GlobalSection(SolutionProperties) = preSolution
		HideSolutionNode = FALSE
	EndGlobalSection
	GlobalSection(ExtensibilityGlobals) = postSolution
		SolutionGuid = {0C4E365D-8534-411C-A30E-A96D91A7FB60}
	EndGlobalSection
EndGlobal
